
Microsoft Visual Studio Solution File, Format Version 12.00
# Visual Studio Version 17
VisualStudioVersion = 17.6.33712.159
MinimumVisualStudioVersion = 10.0.40219.1
Project("{FAE04EC0-301F-11D3-BF4B-00C04F79EFBC}") = "WinFormsApp1", "WinFormsApp1\WinFormsApp1.csproj", "{89156CB8-C957-4006-A27C-EFB94DECE3C0}"
EndProject
Project("{2150E333-8FDC-42A3-9474-1A3956D46DE8}") = "Solution Items", "Solution Items", "{29A93C73-554B-465A-8CAC-384072E7A6B5}"
	ProjectSection(SolutionItems) = preProject
		.gitignore = .gitignore
		Instrukcja.doc = Instrukcja.doc
		OLEKSII.HUDZISHEVSKYI.L3.docx = OLEKSII.HUDZISHEVSKYI.L3.docx
		README.md = README.md
	EndProjectSection
EndProject
Global
	GlobalSection(SolutionConfigurationPlatforms) = preSolution
		Debug|Any CPU = Debug|Any CPU
		Release|Any CPU = Release|Any CPU
	EndGlobalSection
	GlobalSection(ProjectConfigurationPlatforms) = postSolution
		{89156CB8-C957-4006-A27C-EFB94DECE3C0}.Debug|Any CPU.ActiveCfg = Debug|Any CPU
		{89156CB8-C957-4006-A27C-EFB94DECE3C0}.Debug|Any CPU.Build.0 = Debug|Any CPU
		{89156CB8-C957-4006-A27C-EFB94DECE3C0}.Release|Any CPU.ActiveCfg = Release|Any CPU
		{89156CB8-C957-4006-A27C-EFB94DECE3C0}.Release|Any CPU.Build.0 = Release|Any CPU
	EndGlobalSection
	GlobalSection(SolutionProperties) = preSolution
		HideSolutionNode = FALSE
	EndGlobalSection
	GlobalSection(ExtensibilityGlobals) = postSolution
		SolutionGuid = {AFC33E3F-4DD2-4B5A-9762-62D0C9674BFF}
	EndGlobalSection
EndGlobal
